Microsoft Visual Studio Solution File, Format Version 12.00
# Visual Studio Version 17
VisualStudioVersion = 17.5.2.0
MinimumVisualStudioVersion = 10.0.40219.1
Project("{FAE04EC0-301F-11D3-BF4B-00C04F79EFBC}") = "Biblioteca_libros", "Biblioteca_libros.csproj", "{5EFCFEFC-A192-61C2-00D9-1382E7539401}"
EndProject
Global
	GlobalSection(SolutionConfigurationPlatforms) = preSolution
		Debug|Any CPU = Debug|Any CPU
		Release|Any CPU = Release|Any CPU
	EndGlobalSection
	GlobalSection(ProjectConfigurationPlatforms) = postSolution
		{5EFCFEFC-A192-61C2-00D9-1382E7539401}.Debug|Any CPU.ActiveCfg = Debug|Any CPU
		{5EFCFEFC-A192-61C2-00D9-1382E7539401}.Debug|Any CPU.Build.0 = Debug|Any CPU
		{5EFCFEFC-A192-61C2-00D9-1382E7539401}.Release|Any CPU.ActiveCfg = Release|Any CPU
		{5EFCFEFC-A192-61C2-00D9-1382E7539401}.Release|Any CPU.Build.0 = Release|Any CPU
	EndGlobalSection
	GlobalSection(SolutionProperties) = preSolution
		HideSolutionNode = FALSE
	EndGlobalSection
	GlobalSection(ExtensibilityGlobals) = postSolution
		SolutionGuid = {8B6B8377-A1F6-4DD0-99C4-B0581EDDC31D}
	EndGlobalSection
EndGlobal
